
Microsoft Visual Studio Solution File, Format Version 12.00
# Visual Studio 14
VisualStudioVersion = 14.0.23107.0
MinimumVisualStudioVersion = 10.0.40219.1
Project("{FAE04EC0-301F-11D3-BF4B-00C04F79EFBC}") = "BlankAppTemplate", "BlankAppTemplate\BlankAppTemplate.csproj", "{6CD5EBCF-7203-4BD5-A5F7-96192189582B}"
EndProject
Project("{FAE04EC0-301F-11D3-BF4B-00C04F79EFBC}") = "UWPTemplates", "UWPTemplates\UWPTemplates.csproj", "{27B83927-F080-4015-B296-A6D90EC73B95}"
EndProject
Project("{FAE04EC0-301F-11D3-BF4B-00C04F79EFBC}") = "CompositionAppTemplate", "CompositionAppTemplate\CompositionAppTemplate.csproj", "{482B7306-6FD0-4AE9-AF1A-FD248F982B28}"
EndProject
Project("{FAE04EC0-301F-11D3-BF4B-00C04F79EFBC}") = "CompositionXamlAppTemplate", "CompositionXamlAppTemplate\CompositionXamlAppTemplate.csproj", "{36D0E10A-404A-4EE7-A689-78B2FF5E3A5F}"
EndProject
Project("{FAE04EC0-301F-11D3-BF4B-00C04F79EFBC}") = "SplitViewAppTemplate", "SplitViewAppTemplate\SplitViewAppTemplate.csproj", "{6AFD94FD-29BB-46C0-BB88-B7A5FA5575E0}"
EndProject
Global
	GlobalSection(SolutionConfigurationPlatforms) = preSolution
		Debug|Any CPU = Debug|Any CPU
		Release|Any CPU = Release|Any CPU
	EndGlobalSection
	GlobalSection(ProjectConfigurationPlatforms) = postSolution
		{6CD5EBCF-7203-4BD5-A5F7-96192189582B}.Debug|Any CPU.ActiveCfg = Debug|Any CPU
		{6CD5EBCF-7203-4BD5-A5F7-96192189582B}.Debug|Any CPU.Build.0 = Debug|Any CPU
		{6CD5EBCF-7203-4BD5-A5F7-96192189582B}.Release|Any CPU.ActiveCfg = Release|Any CPU
		{6CD5EBCF-7203-4BD5-A5F7-96192189582B}.Release|Any CPU.Build.0 = Release|Any CPU
		{27B83927-F080-4015-B296-A6D90EC73B95}.Debug|Any CPU.ActiveCfg = Debug|Any CPU
		{27B83927-F080-4015-B296-A6D90EC73B95}.Debug|Any CPU.Build.0 = Debug|Any CPU
		{27B83927-F080-4015-B296-A6D90EC73B95}.Release|Any CPU.ActiveCfg = Release|Any CPU
		{27B83927-F080-4015-B296-A6D90EC73B95}.Release|Any CPU.Build.0 = Release|Any CPU
		{482B7306-6FD0-4AE9-AF1A-FD248F982B28}.Debug|Any CPU.ActiveCfg = Debug|Any CPU
		{482B7306-6FD0-4AE9-AF1A-FD248F982B28}.Debug|Any CPU.Build.0 = Debug|Any CPU
		{482B7306-6FD0-4AE9-AF1A-FD248F982B28}.Release|Any CPU.ActiveCfg = Release|Any CPU
		{482B7306-6FD0-4AE9-AF1A-FD248F982B28}.Release|Any CPU.Build.0 = Release|Any CPU
		{36D0E10A-404A-4EE7-A689-78B2FF5E3A5F}.Debug|Any CPU.ActiveCfg = Debug|Any CPU
		{36D0E10A-404A-4EE7-A689-78B2FF5E3A5F}.Debug|Any CPU.Build.0 = Debug|Any CPU
		{36D0E10A-404A-4EE7-A689-78B2FF5E3A5F}.Release|Any CPU.ActiveCfg = Release|Any CPU
		{36D0E10A-404A-4EE7-A689-78B2FF5E3A5F}.Release|Any CPU.Build.0 = Release|Any CPU
		{6AFD94FD-29BB-46C0-BB88-B7A5FA5575E0}.Debug|Any CPU.ActiveCfg = Debug|Any CPU
		{6AFD94FD-29BB-46C0-BB88-B7A5FA5575E0}.Debug|Any CPU.Build.0 = Debug|Any CPU
		{6AFD94FD-29BB-46C0-BB88-B7A5FA5575E0}.Release|Any CPU.ActiveCfg = Release|Any CPU
		{6AFD94FD-29BB-46C0-BB88-B7A5FA5575E0}.Release|Any CPU.Build.0 = Release|Any CPU
	EndGlobalSection
	GlobalSection(SolutionProperties) = preSolution
		HideSolutionNode = FALSE
	EndGlobalSection
EndGlobal
